
Microsoft Visual Studio Solution File, Format Version 12.00
# Visual Studio Version 16
VisualStudioVersion = 16.0.30114.105
MinimumVisualStudioVersion = 10.0.40219.1
Project("{2150E333-8FDC-42A3-9474-1A3956D46DE8}") = "src", "src", "{565C6579-A7B1-4F06-8008-6FA5D45BAAE6}"
EndProject
Project("{2150E333-8FDC-42A3-9474-1A3956D46DE8}") = "test", "test", "{352B3D40-F028-453F-A52E-5FE09DAF7D97}"
EndProject
Project("{F2A71F9B-5D33-465A-A702-920D77279786}") = "FSharp.Test", "test\FSharp.Test\FSharp.Test.fsproj", "{CEE47960-F6EA-461B-A65B-A8CA9C4B7DC7}"
EndProject
Project("{2150E333-8FDC-42A3-9474-1A3956D46DE8}") = "FSharp", "FSharp", "{3FBF030D-9445-4EA1-B218-CDA480519FF3}"
EndProject
Project("{F2A71F9B-5D33-465A-A702-920D77279786}") = "Grades", "src\FSharp\Grades\Grades.fsproj", "{EF5F399D-95DD-4512-8F72-3E4B5D5D8508}"
EndProject
Project("{2150E333-8FDC-42A3-9474-1A3956D46DE8}") = "CSharp", "CSharp", "{34942936-8469-4384-B88A-0E750F57B67A}"
EndProject
Project("{FAE04EC0-301F-11D3-BF4B-00C04F79EFBC}") = "Grades", "src\CSharp\Grades\Grades.csproj", "{FC63B8AA-B664-48D7-BEAB-256B3AC09C2F}"
EndProject
Project("{F2A71F9B-5D33-465A-A702-920D77279786}") = "Bank", "src\FSharp\Bank\Bank.fsproj", "{B8FA9E0B-84EC-4EA5-B219-18D3A34C282D}"
EndProject
Project("{F2A71F9B-5D33-465A-A702-920D77279786}") = "HeartBeats", "src\FSharp\HeartBeats\HeartBeats.fsproj", "{F48898FA-F436-432B-BD2F-9613EB11C34D}"
EndProject
Project("{FAE04EC0-301F-11D3-BF4B-00C04F79EFBC}") = "Bank", "src\CSharp\Bank\Bank.csproj", "{83CA1E1B-0ACB-47F1-9E68-5D58FFEE54EF}"
EndProject
Project("{FAE04EC0-301F-11D3-BF4B-00C04F79EFBC}") = "Bank.Core", "src\CSharp\Bank.Core\Bank.Core.csproj", "{0A3E50E7-D452-4683-BDE2-E8DA79FEAE4E}"
EndProject
Project("{FAE04EC0-301F-11D3-BF4B-00C04F79EFBC}") = "HeartBeats", "src\CSharp\HeartBeats\HeartBeats.csproj", "{10529A77-501A-4162-8DF4-E0A8BCCF9146}"
EndProject
Project("{FAE04EC0-301F-11D3-BF4B-00C04F79EFBC}") = "CSharp.Test", "test\CSharp.Test\CSharp.Test.csproj", "{33A89D4C-E1C1-4C6E-AC60-CF46060946C2}"
EndProject
Global
	GlobalSection(SolutionConfigurationPlatforms) = preSolution
		Debug|Any CPU = Debug|Any CPU
		Debug|x64 = Debug|x64
		Debug|x86 = Debug|x86
		Release|Any CPU = Release|Any CPU
		Release|x64 = Release|x64
		Release|x86 = Release|x86
	EndGlobalSection
	GlobalSection(SolutionProperties) = preSolution
		HideSolutionNode = FALSE
	EndGlobalSection
	GlobalSection(ProjectConfigurationPlatforms) = postSolution
		{CEE47960-F6EA-461B-A65B-A8CA9C4B7DC7}.Debug|Any CPU.ActiveCfg = Debug|Any CPU
		{CEE47960-F6EA-461B-A65B-A8CA9C4B7DC7}.Debug|Any CPU.Build.0 = Debug|Any CPU
		{CEE47960-F6EA-461B-A65B-A8CA9C4B7DC7}.Debug|x64.ActiveCfg = Debug|Any CPU
		{CEE47960-F6EA-461B-A65B-A8CA9C4B7DC7}.Debug|x64.Build.0 = Debug|Any CPU
		{CEE47960-F6EA-461B-A65B-A8CA9C4B7DC7}.Debug|x86.ActiveCfg = Debug|Any CPU
		{CEE47960-F6EA-461B-A65B-A8CA9C4B7DC7}.Debug|x86.Build.0 = Debug|Any CPU
		{CEE47960-F6EA-461B-A65B-A8CA9C4B7DC7}.Release|Any CPU.ActiveCfg = Release|Any CPU
		{CEE47960-F6EA-461B-A65B-A8CA9C4B7DC7}.Release|Any CPU.Build.0 = Release|Any CPU
		{CEE47960-F6EA-461B-A65B-A8CA9C4B7DC7}.Release|x64.ActiveCfg = Release|Any CPU
		{CEE47960-F6EA-461B-A65B-A8CA9C4B7DC7}.Release|x64.Build.0 = Release|Any CPU
		{CEE47960-F6EA-461B-A65B-A8CA9C4B7DC7}.Release|x86.ActiveCfg = Release|Any CPU
		{CEE47960-F6EA-461B-A65B-A8CA9C4B7DC7}.Release|x86.Build.0 = Release|Any CPU
		{EF5F399D-95DD-4512-8F72-3E4B5D5D8508}.Debug|Any CPU.ActiveCfg = Debug|Any CPU
		{EF5F399D-95DD-4512-8F72-3E4B5D5D8508}.Debug|Any CPU.Build.0 = Debug|Any CPU
		{EF5F399D-95DD-4512-8F72-3E4B5D5D8508}.Debug|x64.ActiveCfg = Debug|Any CPU
		{EF5F399D-95DD-4512-8F72-3E4B5D5D8508}.Debug|x64.Build.0 = Debug|Any CPU
		{EF5F399D-95DD-4512-8F72-3E4B5D5D8508}.Debug|x86.ActiveCfg = Debug|Any CPU
		{EF5F399D-95DD-4512-8F72-3E4B5D5D8508}.Debug|x86.Build.0 = Debug|Any CPU
		{EF5F399D-95DD-4512-8F72-3E4B5D5D8508}.Release|Any CPU.ActiveCfg = Release|Any CPU
		{EF5F399D-95DD-4512-8F72-3E4B5D5D8508}.Release|Any CPU.Build.0 = Release|Any CPU
		{EF5F399D-95DD-4512-8F72-3E4B5D5D8508}.Release|x64.ActiveCfg = Release|Any CPU
		{EF5F399D-95DD-4512-8F72-3E4B5D5D8508}.Release|x64.Build.0 = Release|Any CPU
		{EF5F399D-95DD-4512-8F72-3E4B5D5D8508}.Release|x86.ActiveCfg = Release|Any CPU
		{EF5F399D-95DD-4512-8F72-3E4B5D5D8508}.Release|x86.Build.0 = Release|Any CPU
		{FC63B8AA-B664-48D7-BEAB-256B3AC09C2F}.Debug|Any CPU.ActiveCfg = Debug|Any CPU
		{FC63B8AA-B664-48D7-BEAB-256B3AC09C2F}.Debug|Any CPU.Build.0 = Debug|Any CPU
		{FC63B8AA-B664-48D7-BEAB-256B3AC09C2F}.Debug|x64.ActiveCfg = Debug|Any CPU
		{FC63B8AA-B664-48D7-BEAB-256B3AC09C2F}.Debug|x64.Build.0 = Debug|Any CPU
		{FC63B8AA-B664-48D7-BEAB-256B3AC09C2F}.Debug|x86.ActiveCfg = Debug|Any CPU
		{FC63B8AA-B664-48D7-BEAB-256B3AC09C2F}.Debug|x86.Build.0 = Debug|Any CPU
		{FC63B8AA-B664-48D7-BEAB-256B3AC09C2F}.Release|Any CPU.ActiveCfg = Release|Any CPU
		{FC63B8AA-B664-48D7-BEAB-256B3AC09C2F}.Release|Any CPU.Build.0 = Release|Any CPU
		{FC63B8AA-B664-48D7-BEAB-256B3AC09C2F}.Release|x64.ActiveCfg = Release|Any CPU
		{FC63B8AA-B664-48D7-BEAB-256B3AC09C2F}.Release|x64.Build.0 = Release|Any CPU
		{FC63B8AA-B664-48D7-BEAB-256B3AC09C2F}.Release|x86.ActiveCfg = Release|Any CPU
		{FC63B8AA-B664-48D7-BEAB-256B3AC09C2F}.Release|x86.Build.0 = Release|Any CPU
		{B8FA9E0B-84EC-4EA5-B219-18D3A34C282D}.Debug|Any CPU.ActiveCfg = Debug|Any CPU
		{B8FA9E0B-84EC-4EA5-B219-18D3A34C282D}.Debug|Any CPU.Build.0 = Debug|Any CPU
		{B8FA9E0B-84EC-4EA5-B219-18D3A34C282D}.Debug|x64.ActiveCfg = Debug|Any CPU
		{B8FA9E0B-84EC-4EA5-B219-18D3A34C282D}.Debug|x64.Build.0 = Debug|Any CPU
		{B8FA9E0B-84EC-4EA5-B219-18D3A34C282D}.Debug|x86.ActiveCfg = Debug|Any CPU
		{B8FA9E0B-84EC-4EA5-B219-18D3A34C282D}.Debug|x86.Build.0 = Debug|Any CPU
		{B8FA9E0B-84EC-4EA5-B219-18D3A34C282D}.Release|Any CPU.ActiveCfg = Release|Any CPU
		{B8FA9E0B-84EC-4EA5-B219-18D3A34C282D}.Release|Any CPU.Build.0 = Release|Any CPU
		{B8FA9E0B-84EC-4EA5-B219-18D3A34C282D}.Release|x64.ActiveCfg = Release|Any CPU
		{B8FA9E0B-84EC-4EA5-B219-18D3A34C282D}.Release|x64.Build.0 = Release|Any CPU
		{B8FA9E0B-84EC-4EA5-B219-18D3A34C282D}.Release|x86.ActiveCfg = Release|Any CPU
		{B8FA9E0B-84EC-4EA5-B219-18D3A34C282D}.Release|x86.Build.0 = Release|Any CPU
		{F48898FA-F436-432B-BD2F-9613EB11C34D}.Debug|Any CPU.ActiveCfg = Debug|Any CPU
		{F48898FA-F436-432B-BD2F-9613EB11C34D}.Debug|Any CPU.Build.0 = Debug|Any CPU
		{F48898FA-F436-432B-BD2F-9613EB11C34D}.Debug|x64.ActiveCfg = Debug|Any CPU
		{F48898FA-F436-432B-BD2F-9613EB11C34D}.Debug|x64.Build.0 = Debug|Any CPU
		{F48898FA-F436-432B-BD2F-9613EB11C34D}.Debug|x86.ActiveCfg = Debug|Any CPU
		{F48898FA-F436-432B-BD2F-9613EB11C34D}.Debug|x86.Build.0 = Debug|Any CPU
		{F48898FA-F436-432B-BD2F-9613EB11C34D}.Release|Any CPU.ActiveCfg = Release|Any CPU
		{F48898FA-F436-432B-BD2F-9613EB11C34D}.Release|Any CPU.Build.0 = Release|Any CPU
		{F48898FA-F436-432B-BD2F-9613EB11C34D}.Release|x64.ActiveCfg = Release|Any CPU
		{F48898FA-F436-432B-BD2F-9613EB11C34D}.Release|x64.Build.0 = Release|Any CPU
		{F48898FA-F436-432B-BD2F-9613EB11C34D}.Release|x86.ActiveCfg = Release|Any CPU
		{F48898FA-F436-432B-BD2F-9613EB11C34D}.Release|x86.Build.0 = Release|Any CPU
		{83CA1E1B-0ACB-47F1-9E68-5D58FFEE54EF}.Debug|Any CPU.ActiveCfg = Debug|Any CPU
		{83CA1E1B-0ACB-47F1-9E68-5D58FFEE54EF}.Debug|Any CPU.Build.0 = Debug|Any CPU
		{83CA1E1B-0ACB-47F1-9E68-5D58FFEE54EF}.Debug|x64.ActiveCfg = Debug|Any CPU
		{83CA1E1B-0ACB-47F1-9E68-5D58FFEE54EF}.Debug|x64.Build.0 = Debug|Any CPU
		{83CA1E1B-0ACB-47F1-9E68-5D58FFEE54EF}.Debug|x86.ActiveCfg = Debug|Any CPU
		{83CA1E1B-0ACB-47F1-9E68-5D58FFEE54EF}.Debug|x86.Build.0 = Debug|Any CPU
		{83CA1E1B-0ACB-47F1-9E68-5D58FFEE54EF}.Release|Any CPU.ActiveCfg = Release|Any CPU
		{83CA1E1B-0ACB-47F1-9E68-5D58FFEE54EF}.Release|Any CPU.Build.0 = Release|Any CPU
		{83CA1E1B-0ACB-47F1-9E68-5D58FFEE54EF}.Release|x64.ActiveCfg = Release|Any CPU
		{83CA1E1B-0ACB-47F1-9E68-5D58FFEE54EF}.Release|x64.Build.0 = Release|Any CPU
		{83CA1E1B-0ACB-47F1-9E68-5D58FFEE54EF}.Release|x86.ActiveCfg = Release|Any CPU
		{83CA1E1B-0ACB-47F1-9E68-5D58FFEE54EF}.Release|x86.Build.0 = Release|Any CPU
		{0A3E50E7-D452-4683-BDE2-E8DA79FEAE4E}.Debug|Any CPU.ActiveCfg = Debug|Any CPU
		{0A3E50E7-D452-4683-BDE2-E8DA79FEAE4E}.Debug|Any CPU.Build.0 = Debug|Any CPU
		{0A3E50E7-D452-4683-BDE2-E8DA79FEAE4E}.Debug|x64.ActiveCfg = Debug|Any CPU
		{0A3E50E7-D452-4683-BDE2-E8DA79FEAE4E}.Debug|x64.Build.0 = Debug|Any CPU
		{0A3E50E7-D452-4683-BDE2-E8DA79FEAE4E}.Debug|x86.ActiveCfg = Debug|Any CPU
		{0A3E50E7-D452-4683-BDE2-E8DA79FEAE4E}.Debug|x86.Build.0 = Debug|Any CPU
		{0A3E50E7-D452-4683-BDE2-E8DA79FEAE4E}.Release|Any CPU.ActiveCfg = Release|Any CPU
		{0A3E50E7-D452-4683-BDE2-E8DA79FEAE4E}.Release|Any CPU.Build.0 = Release|Any CPU
		{0A3E50E7-D452-4683-BDE2-E8DA79FEAE4E}.Release|x64.ActiveCfg = Release|Any CPU
		{0A3E50E7-D452-4683-BDE2-E8DA79FEAE4E}.Release|x64.Build.0 = Release|Any CPU
		{0A3E50E7-D452-4683-BDE2-E8DA79FEAE4E}.Release|x86.ActiveCfg = Release|Any CPU
		{0A3E50E7-D452-4683-BDE2-E8DA79FEAE4E}.Release|x86.Build.0 = Release|Any CPU
		{10529A77-501A-4162-8DF4-E0A8BCCF9146}.Debug|Any CPU.ActiveCfg = Debug|Any CPU
		{10529A77-501A-4162-8DF4-E0A8BCCF9146}.Debug|Any CPU.Build.0 = Debug|Any CPU
		{10529A77-501A-4162-8DF4-E0A8BCCF9146}.Debug|x64.ActiveCfg = Debug|Any CPU
		{10529A77-501A-4162-8DF4-E0A8BCCF9146}.Debug|x64.Build.0 = Debug|Any CPU
		{10529A77-501A-4162-8DF4-E0A8BCCF9146}.Debug|x86.ActiveCfg = Debug|Any CPU
		{10529A77-501A-4162-8DF4-E0A8BCCF9146}.Debug|x86.Build.0 = Debug|Any CPU
		{10529A77-501A-4162-8DF4-E0A8BCCF9146}.Release|Any CPU.ActiveCfg = Release|Any CPU
		{10529A77-501A-4162-8DF4-E0A8BCCF9146}.Release|Any CPU.Build.0 = Release|Any CPU
		{10529A77-501A-4162-8DF4-E0A8BCCF9146}.Release|x64.ActiveCfg = Release|Any CPU
		{10529A77-501A-4162-8DF4-E0A8BCCF9146}.Release|x64.Build.0 = Release|Any CPU
		{10529A77-501A-4162-8DF4-E0A8BCCF9146}.Release|x86.ActiveCfg = Release|Any CPU
		{10529A77-501A-4162-8DF4-E0A8BCCF9146}.Release|x86.Build.0 = Release|Any CPU
		{33A89D4C-E1C1-4C6E-AC60-CF46060946C2}.Debug|Any CPU.ActiveCfg = Debug|Any CPU
		{33A89D4C-E1C1-4C6E-AC60-CF46060946C2}.Debug|Any CPU.Build.0 = Debug|Any CPU
		{33A89D4C-E1C1-4C6E-AC60-CF46060946C2}.Debug|x64.ActiveCfg = Debug|Any CPU
		{33A89D4C-E1C1-4C6E-AC60-CF46060946C2}.Debug|x64.Build.0 = Debug|Any CPU
		{33A89D4C-E1C1-4C6E-AC60-CF46060946C2}.Debug|x86.ActiveCfg = Debug|Any CPU
		{33A89D4C-E1C1-4C6E-AC60-CF46060946C2}.Debug|x86.Build.0 = Debug|Any CPU
		{33A89D4C-E1C1-4C6E-AC60-CF46060946C2}.Release|Any CPU.ActiveCfg = Release|Any CPU
		{33A89D4C-E1C1-4C6E-AC60-CF46060946C2}.Release|Any CPU.Build.0 = Release|Any CPU
		{33A89D4C-E1C1-4C6E-AC60-CF46060946C2}.Release|x64.ActiveCfg = Release|Any CPU
		{33A89D4C-E1C1-4C6E-AC60-CF46060946C2}.Release|x64.Build.0 = Release|Any CPU
		{33A89D4C-E1C1-4C6E-AC60-CF46060946C2}.Release|x86.ActiveCfg = Release|Any CPU
		{33A89D4C-E1C1-4C6E-AC60-CF46060946C2}.Release|x86.Build.0 = Release|Any CPU
	EndGlobalSection
	GlobalSection(NestedProjects) = preSolution
		{CEE47960-F6EA-461B-A65B-A8CA9C4B7DC7} = {352B3D40-F028-453F-A52E-5FE09DAF7D97}
		{3FBF030D-9445-4EA1-B218-CDA480519FF3} = {565C6579-A7B1-4F06-8008-6FA5D45BAAE6}
		{EF5F399D-95DD-4512-8F72-3E4B5D5D8508} = {3FBF030D-9445-4EA1-B218-CDA480519FF3}
		{34942936-8469-4384-B88A-0E750F57B67A} = {565C6579-A7B1-4F06-8008-6FA5D45BAAE6}
		{FC63B8AA-B664-48D7-BEAB-256B3AC09C2F} = {34942936-8469-4384-B88A-0E750F57B67A}
		{B8FA9E0B-84EC-4EA5-B219-18D3A34C282D} = {3FBF030D-9445-4EA1-B218-CDA480519FF3}
		{F48898FA-F436-432B-BD2F-9613EB11C34D} = {3FBF030D-9445-4EA1-B218-CDA480519FF3}
		{83CA1E1B-0ACB-47F1-9E68-5D58FFEE54EF} = {34942936-8469-4384-B88A-0E750F57B67A}
		{0A3E50E7-D452-4683-BDE2-E8DA79FEAE4E} = {34942936-8469-4384-B88A-0E750F57B67A}
		{10529A77-501A-4162-8DF4-E0A8BCCF9146} = {34942936-8469-4384-B88A-0E750F57B67A}
		{33A89D4C-E1C1-4C6E-AC60-CF46060946C2} = {352B3D40-F028-453F-A52E-5FE09DAF7D97}
	EndGlobalSection
EndGlobal
