
Microsoft Visual Studio Solution File, Format Version 12.00
# Visual Studio Version 16
VisualStudioVersion = 16.0.30114.105
MinimumVisualStudioVersion = 10.0.40219.1
Project("{2150E333-8FDC-42A3-9474-1A3956D46DE8}") = "test", "test", "{34890B01-6542-48CC-BB6C-21DEE3710B18}"
EndProject
Project("{F2A71F9B-5D33-465A-A702-920D77279786}") = "FSharp.Test", "test\FSharp.Test\FSharp.Test.fsproj", "{4439A7BF-0571-4C3E-A8C7-E0D199DD96D3}"
EndProject
Project("{2150E333-8FDC-42A3-9474-1A3956D46DE8}") = "src", "src", "{127193C9-7FB3-4C9A-9749-23EE1A1B64B5}"
EndProject
Project("{2150E333-8FDC-42A3-9474-1A3956D46DE8}") = "FSharp", "FSharp", "{E1A09533-644B-4BEF-99A7-42DD95822CA1}"
EndProject
Project("{F2A71F9B-5D33-465A-A702-920D77279786}") = "Bank", "src\FSharp\Bank\Bank.fsproj", "{A5598A2D-143C-4504-820B-79249157F0C3}"
EndProject
Project("{F2A71F9B-5D33-465A-A702-920D77279786}") = "Grades", "src\FSharp\Grades\Grades.fsproj", "{80E7805D-4A5C-4DC8-BB22-AAB7E7535781}"
EndProject
Project("{F2A71F9B-5D33-465A-A702-920D77279786}") = "HeartBeats", "src\FSharp\HeartBeats\HeartBeats.fsproj", "{D47ED50F-344E-4E05-ABFF-446DF49B1104}"
EndProject
Project("{2150E333-8FDC-42A3-9474-1A3956D46DE8}") = "CSharp", "CSharp", "{EE51675F-2BA3-42A8-87BC-690DBB76F3CF}"
EndProject
Project("{FAE04EC0-301F-11D3-BF4B-00C04F79EFBC}") = "Bank", "src\CSharp\Bank\Bank.csproj", "{14838BB4-0821-4920-AADA-29B3642ED3FA}"
EndProject
Project("{FAE04EC0-301F-11D3-BF4B-00C04F79EFBC}") = "Bank.Core", "src\CSharp\Bank.Core\Bank.Core.csproj", "{735911E3-EB20-4123-94D1-F094F93F3DC6}"
EndProject
Project("{FAE04EC0-301F-11D3-BF4B-00C04F79EFBC}") = "Grades", "src\CSharp\Grades\Grades.csproj", "{A7EDABCD-5283-4A0E-B73A-EB3B19838A86}"
EndProject
Project("{FAE04EC0-301F-11D3-BF4B-00C04F79EFBC}") = "CSharp.Test", "test\CSharp.Test\CSharp.Test.csproj", "{09B512B5-B658-438E-A56E-A8770ED87B78}"
EndProject
Project("{FAE04EC0-301F-11D3-BF4B-00C04F79EFBC}") = "HeartBeats", "src\CSharp\HeartBeats\HeartBeats.csproj", "{D43E2E37-7410-440B-A1D5-2DC17CD1E636}"
EndProject
Global
	GlobalSection(SolutionConfigurationPlatforms) = preSolution
		Debug|Any CPU = Debug|Any CPU
		Debug|x64 = Debug|x64
		Debug|x86 = Debug|x86
		Release|Any CPU = Release|Any CPU
		Release|x64 = Release|x64
		Release|x86 = Release|x86
	EndGlobalSection
	GlobalSection(SolutionProperties) = preSolution
		HideSolutionNode = FALSE
	EndGlobalSection
	GlobalSection(ProjectConfigurationPlatforms) = postSolution
		{4439A7BF-0571-4C3E-A8C7-E0D199DD96D3}.Debug|Any CPU.ActiveCfg = Debug|Any CPU
		{4439A7BF-0571-4C3E-A8C7-E0D199DD96D3}.Debug|Any CPU.Build.0 = Debug|Any CPU
		{4439A7BF-0571-4C3E-A8C7-E0D199DD96D3}.Debug|x64.ActiveCfg = Debug|Any CPU
		{4439A7BF-0571-4C3E-A8C7-E0D199DD96D3}.Debug|x64.Build.0 = Debug|Any CPU
		{4439A7BF-0571-4C3E-A8C7-E0D199DD96D3}.Debug|x86.ActiveCfg = Debug|Any CPU
		{4439A7BF-0571-4C3E-A8C7-E0D199DD96D3}.Debug|x86.Build.0 = Debug|Any CPU
		{4439A7BF-0571-4C3E-A8C7-E0D199DD96D3}.Release|Any CPU.ActiveCfg = Release|Any CPU
		{4439A7BF-0571-4C3E-A8C7-E0D199DD96D3}.Release|Any CPU.Build.0 = Release|Any CPU
		{4439A7BF-0571-4C3E-A8C7-E0D199DD96D3}.Release|x64.ActiveCfg = Release|Any CPU
		{4439A7BF-0571-4C3E-A8C7-E0D199DD96D3}.Release|x64.Build.0 = Release|Any CPU
		{4439A7BF-0571-4C3E-A8C7-E0D199DD96D3}.Release|x86.ActiveCfg = Release|Any CPU
		{4439A7BF-0571-4C3E-A8C7-E0D199DD96D3}.Release|x86.Build.0 = Release|Any CPU
		{A5598A2D-143C-4504-820B-79249157F0C3}.Debug|Any CPU.ActiveCfg = Debug|Any CPU
		{A5598A2D-143C-4504-820B-79249157F0C3}.Debug|Any CPU.Build.0 = Debug|Any CPU
		{A5598A2D-143C-4504-820B-79249157F0C3}.Debug|x64.ActiveCfg = Debug|Any CPU
		{A5598A2D-143C-4504-820B-79249157F0C3}.Debug|x64.Build.0 = Debug|Any CPU
		{A5598A2D-143C-4504-820B-79249157F0C3}.Debug|x86.ActiveCfg = Debug|Any CPU
		{A5598A2D-143C-4504-820B-79249157F0C3}.Debug|x86.Build.0 = Debug|Any CPU
		{A5598A2D-143C-4504-820B-79249157F0C3}.Release|Any CPU.ActiveCfg = Release|Any CPU
		{A5598A2D-143C-4504-820B-79249157F0C3}.Release|Any CPU.Build.0 = Release|Any CPU
		{A5598A2D-143C-4504-820B-79249157F0C3}.Release|x64.ActiveCfg = Release|Any CPU
		{A5598A2D-143C-4504-820B-79249157F0C3}.Release|x64.Build.0 = Release|Any CPU
		{A5598A2D-143C-4504-820B-79249157F0C3}.Release|x86.ActiveCfg = Release|Any CPU
		{A5598A2D-143C-4504-820B-79249157F0C3}.Release|x86.Build.0 = Release|Any CPU
		{80E7805D-4A5C-4DC8-BB22-AAB7E7535781}.Debug|Any CPU.ActiveCfg = Debug|Any CPU
		{80E7805D-4A5C-4DC8-BB22-AAB7E7535781}.Debug|Any CPU.Build.0 = Debug|Any CPU
		{80E7805D-4A5C-4DC8-BB22-AAB7E7535781}.Debug|x64.ActiveCfg = Debug|Any CPU
		{80E7805D-4A5C-4DC8-BB22-AAB7E7535781}.Debug|x64.Build.0 = Debug|Any CPU
		{80E7805D-4A5C-4DC8-BB22-AAB7E7535781}.Debug|x86.ActiveCfg = Debug|Any CPU
		{80E7805D-4A5C-4DC8-BB22-AAB7E7535781}.Debug|x86.Build.0 = Debug|Any CPU
		{80E7805D-4A5C-4DC8-BB22-AAB7E7535781}.Release|Any CPU.ActiveCfg = Release|Any CPU
		{80E7805D-4A5C-4DC8-BB22-AAB7E7535781}.Release|Any CPU.Build.0 = Release|Any CPU
		{80E7805D-4A5C-4DC8-BB22-AAB7E7535781}.Release|x64.ActiveCfg = Release|Any CPU
		{80E7805D-4A5C-4DC8-BB22-AAB7E7535781}.Release|x64.Build.0 = Release|Any CPU
		{80E7805D-4A5C-4DC8-BB22-AAB7E7535781}.Release|x86.ActiveCfg = Release|Any CPU
		{80E7805D-4A5C-4DC8-BB22-AAB7E7535781}.Release|x86.Build.0 = Release|Any CPU
		{D47ED50F-344E-4E05-ABFF-446DF49B1104}.Debug|Any CPU.ActiveCfg = Debug|Any CPU
		{D47ED50F-344E-4E05-ABFF-446DF49B1104}.Debug|Any CPU.Build.0 = Debug|Any CPU
		{D47ED50F-344E-4E05-ABFF-446DF49B1104}.Debug|x64.ActiveCfg = Debug|Any CPU
		{D47ED50F-344E-4E05-ABFF-446DF49B1104}.Debug|x64.Build.0 = Debug|Any CPU
		{D47ED50F-344E-4E05-ABFF-446DF49B1104}.Debug|x86.ActiveCfg = Debug|Any CPU
		{D47ED50F-344E-4E05-ABFF-446DF49B1104}.Debug|x86.Build.0 = Debug|Any CPU
		{D47ED50F-344E-4E05-ABFF-446DF49B1104}.Release|Any CPU.ActiveCfg = Release|Any CPU
		{D47ED50F-344E-4E05-ABFF-446DF49B1104}.Release|Any CPU.Build.0 = Release|Any CPU
		{D47ED50F-344E-4E05-ABFF-446DF49B1104}.Release|x64.ActiveCfg = Release|Any CPU
		{D47ED50F-344E-4E05-ABFF-446DF49B1104}.Release|x64.Build.0 = Release|Any CPU
		{D47ED50F-344E-4E05-ABFF-446DF49B1104}.Release|x86.ActiveCfg = Release|Any CPU
		{D47ED50F-344E-4E05-ABFF-446DF49B1104}.Release|x86.Build.0 = Release|Any CPU
		{14838BB4-0821-4920-AADA-29B3642ED3FA}.Debug|Any CPU.ActiveCfg = Debug|Any CPU
		{14838BB4-0821-4920-AADA-29B3642ED3FA}.Debug|Any CPU.Build.0 = Debug|Any CPU
		{14838BB4-0821-4920-AADA-29B3642ED3FA}.Debug|x64.ActiveCfg = Debug|Any CPU
		{14838BB4-0821-4920-AADA-29B3642ED3FA}.Debug|x64.Build.0 = Debug|Any CPU
		{14838BB4-0821-4920-AADA-29B3642ED3FA}.Debug|x86.ActiveCfg = Debug|Any CPU
		{14838BB4-0821-4920-AADA-29B3642ED3FA}.Debug|x86.Build.0 = Debug|Any CPU
		{14838BB4-0821-4920-AADA-29B3642ED3FA}.Release|Any CPU.ActiveCfg = Release|Any CPU
		{14838BB4-0821-4920-AADA-29B3642ED3FA}.Release|Any CPU.Build.0 = Release|Any CPU
		{14838BB4-0821-4920-AADA-29B3642ED3FA}.Release|x64.ActiveCfg = Release|Any CPU
		{14838BB4-0821-4920-AADA-29B3642ED3FA}.Release|x64.Build.0 = Release|Any CPU
		{14838BB4-0821-4920-AADA-29B3642ED3FA}.Release|x86.ActiveCfg = Release|Any CPU
		{14838BB4-0821-4920-AADA-29B3642ED3FA}.Release|x86.Build.0 = Release|Any CPU
		{735911E3-EB20-4123-94D1-F094F93F3DC6}.Debug|Any CPU.ActiveCfg = Debug|Any CPU
		{735911E3-EB20-4123-94D1-F094F93F3DC6}.Debug|Any CPU.Build.0 = Debug|Any CPU
		{735911E3-EB20-4123-94D1-F094F93F3DC6}.Debug|x64.ActiveCfg = Debug|Any CPU
		{735911E3-EB20-4123-94D1-F094F93F3DC6}.Debug|x64.Build.0 = Debug|Any CPU
		{735911E3-EB20-4123-94D1-F094F93F3DC6}.Debug|x86.ActiveCfg = Debug|Any CPU
		{735911E3-EB20-4123-94D1-F094F93F3DC6}.Debug|x86.Build.0 = Debug|Any CPU
		{735911E3-EB20-4123-94D1-F094F93F3DC6}.Release|Any CPU.ActiveCfg = Release|Any CPU
		{735911E3-EB20-4123-94D1-F094F93F3DC6}.Release|Any CPU.Build.0 = Release|Any CPU
		{735911E3-EB20-4123-94D1-F094F93F3DC6}.Release|x64.ActiveCfg = Release|Any CPU
		{735911E3-EB20-4123-94D1-F094F93F3DC6}.Release|x64.Build.0 = Release|Any CPU
		{735911E3-EB20-4123-94D1-F094F93F3DC6}.Release|x86.ActiveCfg = Release|Any CPU
		{735911E3-EB20-4123-94D1-F094F93F3DC6}.Release|x86.Build.0 = Release|Any CPU
		{A7EDABCD-5283-4A0E-B73A-EB3B19838A86}.Debug|Any CPU.ActiveCfg = Debug|Any CPU
		{A7EDABCD-5283-4A0E-B73A-EB3B19838A86}.Debug|Any CPU.Build.0 = Debug|Any CPU
		{A7EDABCD-5283-4A0E-B73A-EB3B19838A86}.Debug|x64.ActiveCfg = Debug|Any CPU
		{A7EDABCD-5283-4A0E-B73A-EB3B19838A86}.Debug|x64.Build.0 = Debug|Any CPU
		{A7EDABCD-5283-4A0E-B73A-EB3B19838A86}.Debug|x86.ActiveCfg = Debug|Any CPU
		{A7EDABCD-5283-4A0E-B73A-EB3B19838A86}.Debug|x86.Build.0 = Debug|Any CPU
		{A7EDABCD-5283-4A0E-B73A-EB3B19838A86}.Release|Any CPU.ActiveCfg = Release|Any CPU
		{A7EDABCD-5283-4A0E-B73A-EB3B19838A86}.Release|Any CPU.Build.0 = Release|Any CPU
		{A7EDABCD-5283-4A0E-B73A-EB3B19838A86}.Release|x64.ActiveCfg = Release|Any CPU
		{A7EDABCD-5283-4A0E-B73A-EB3B19838A86}.Release|x64.Build.0 = Release|Any CPU
		{A7EDABCD-5283-4A0E-B73A-EB3B19838A86}.Release|x86.ActiveCfg = Release|Any CPU
		{A7EDABCD-5283-4A0E-B73A-EB3B19838A86}.Release|x86.Build.0 = Release|Any CPU
		{09B512B5-B658-438E-A56E-A8770ED87B78}.Debug|Any CPU.ActiveCfg = Debug|Any CPU
		{09B512B5-B658-438E-A56E-A8770ED87B78}.Debug|Any CPU.Build.0 = Debug|Any CPU
		{09B512B5-B658-438E-A56E-A8770ED87B78}.Debug|x64.ActiveCfg = Debug|Any CPU
		{09B512B5-B658-438E-A56E-A8770ED87B78}.Debug|x64.Build.0 = Debug|Any CPU
		{09B512B5-B658-438E-A56E-A8770ED87B78}.Debug|x86.ActiveCfg = Debug|Any CPU
		{09B512B5-B658-438E-A56E-A8770ED87B78}.Debug|x86.Build.0 = Debug|Any CPU
		{09B512B5-B658-438E-A56E-A8770ED87B78}.Release|Any CPU.ActiveCfg = Release|Any CPU
		{09B512B5-B658-438E-A56E-A8770ED87B78}.Release|Any CPU.Build.0 = Release|Any CPU
		{09B512B5-B658-438E-A56E-A8770ED87B78}.Release|x64.ActiveCfg = Release|Any CPU
		{09B512B5-B658-438E-A56E-A8770ED87B78}.Release|x64.Build.0 = Release|Any CPU
		{09B512B5-B658-438E-A56E-A8770ED87B78}.Release|x86.ActiveCfg = Release|Any CPU
		{09B512B5-B658-438E-A56E-A8770ED87B78}.Release|x86.Build.0 = Release|Any CPU
		{D43E2E37-7410-440B-A1D5-2DC17CD1E636}.Debug|Any CPU.ActiveCfg = Debug|Any CPU
		{D43E2E37-7410-440B-A1D5-2DC17CD1E636}.Debug|Any CPU.Build.0 = Debug|Any CPU
		{D43E2E37-7410-440B-A1D5-2DC17CD1E636}.Debug|x64.ActiveCfg = Debug|Any CPU
		{D43E2E37-7410-440B-A1D5-2DC17CD1E636}.Debug|x64.Build.0 = Debug|Any CPU
		{D43E2E37-7410-440B-A1D5-2DC17CD1E636}.Debug|x86.ActiveCfg = Debug|Any CPU
		{D43E2E37-7410-440B-A1D5-2DC17CD1E636}.Debug|x86.Build.0 = Debug|Any CPU
		{D43E2E37-7410-440B-A1D5-2DC17CD1E636}.Release|Any CPU.ActiveCfg = Release|Any CPU
		{D43E2E37-7410-440B-A1D5-2DC17CD1E636}.Release|Any CPU.Build.0 = Release|Any CPU
		{D43E2E37-7410-440B-A1D5-2DC17CD1E636}.Release|x64.ActiveCfg = Release|Any CPU
		{D43E2E37-7410-440B-A1D5-2DC17CD1E636}.Release|x64.Build.0 = Release|Any CPU
		{D43E2E37-7410-440B-A1D5-2DC17CD1E636}.Release|x86.ActiveCfg = Release|Any CPU
		{D43E2E37-7410-440B-A1D5-2DC17CD1E636}.Release|x86.Build.0 = Release|Any CPU
	EndGlobalSection
	GlobalSection(NestedProjects) = preSolution
		{4439A7BF-0571-4C3E-A8C7-E0D199DD96D3} = {34890B01-6542-48CC-BB6C-21DEE3710B18}
		{E1A09533-644B-4BEF-99A7-42DD95822CA1} = {127193C9-7FB3-4C9A-9749-23EE1A1B64B5}
		{A5598A2D-143C-4504-820B-79249157F0C3} = {E1A09533-644B-4BEF-99A7-42DD95822CA1}
		{80E7805D-4A5C-4DC8-BB22-AAB7E7535781} = {E1A09533-644B-4BEF-99A7-42DD95822CA1}
		{D47ED50F-344E-4E05-ABFF-446DF49B1104} = {E1A09533-644B-4BEF-99A7-42DD95822CA1}
		{EE51675F-2BA3-42A8-87BC-690DBB76F3CF} = {127193C9-7FB3-4C9A-9749-23EE1A1B64B5}
		{14838BB4-0821-4920-AADA-29B3642ED3FA} = {EE51675F-2BA3-42A8-87BC-690DBB76F3CF}
		{735911E3-EB20-4123-94D1-F094F93F3DC6} = {EE51675F-2BA3-42A8-87BC-690DBB76F3CF}
		{A7EDABCD-5283-4A0E-B73A-EB3B19838A86} = {EE51675F-2BA3-42A8-87BC-690DBB76F3CF}
		{09B512B5-B658-438E-A56E-A8770ED87B78} = {34890B01-6542-48CC-BB6C-21DEE3710B18}
		{D43E2E37-7410-440B-A1D5-2DC17CD1E636} = {EE51675F-2BA3-42A8-87BC-690DBB76F3CF}
	EndGlobalSection
EndGlobal
